// !$*UTF8*$!
{
	archiveVersion = 1;
	classes = {
	};
	objectVersion = 46;
	objects = {

/* Begin PBXBuildFile section */
		1D015362181ECB9D0087D764 /* MapKit.framework in Frameworks */ = {isa = PBXBuildFile; fileRef = 1D015361181ECB9D0087D764 /* MapKit.framework */; };
		1D01536818200CE40087D764 /* InfoViewController.m in Sources */ = {isa = PBXBuildFile; fileRef = 1D01536718200CE40087D764 /* InfoViewController.m */; };
		1D07DD3B1830CD3C00D1BD9D /* MembersContainerViewController.m in Sources */ = {isa = PBXBuildFile; fileRef = 1D07DD3A1830CD3C00D1BD9D /* MembersContainerViewController.m */; };
		1D9F4B64184E2EDD002A6BD3 /* CarGpsLocationManager.m in Sources */ = {isa = PBXBuildFile; fileRef = 1D9F4B63184E2EDC002A6BD3 /* CarGpsLocationManager.m */; };
		1DA344961816983B0065AB87 /* UIKit.framework in Frameworks */ = {isa = PBXBuildFile; fileRef = 1DA344951816983B0065AB87 /* UIKit.framework */; };
		1DA344981816983B0065AB87 /* Foundation.framework in Frameworks */ = {isa = PBXBuildFile; fileRef = 1DA344971816983B0065AB87 /* Foundation.framework */; };
		1DA3449A1816983B0065AB87 /* CoreGraphics.framework in Frameworks */ = {isa = PBXBuildFile; fileRef = 1DA344991816983B0065AB87 /* CoreGraphics.framework */; };
		1DA344A01816983B0065AB87 /* InfoPlist.strings in Resources */ = {isa = PBXBuildFile; fileRef = 1DA3449E1816983B0065AB87 /* InfoPlist.strings */; };
		1DA344A21816983B0065AB87 /* main.m in Sources */ = {isa = PBXBuildFile; fileRef = 1DA344A11816983B0065AB87 /* main.m */; };
		1DA344A61816983B0065AB87 /* AppDelegate.m in Sources */ = {isa = PBXBuildFile; fileRef = 1DA344A51816983B0065AB87 /* AppDelegate.m */; };
		1DA344AF1816983B0065AB87 /* MainStoryboard.storyboard in Resources */ = {isa = PBXBuildFile; fileRef = 1DA344AD1816983B0065AB87 /* MainStoryboard.storyboard */; };
		1DA344B21816983B0065AB87 /* MembersViewController.m in Sources */ = {isa = PBXBuildFile; fileRef = 1DA344B11816983B0065AB87 /* MembersViewController.m */; };
		1DA344B91816983B0065AB87 /* MapViewController.m in Sources */ = {isa = PBXBuildFile; fileRef = 1DA344B81816983B0065AB87 /* MapViewController.m */; };
		1DA344C51816983C0065AB87 /* SenTestingKit.framework in Frameworks */ = {isa = PBXBuildFile; fileRef = 1DA344C41816983C0065AB87 /* SenTestingKit.framework */; };
		1DA344C61816983C0065AB87 /* UIKit.framework in Frameworks */ = {isa = PBXBuildFile; fileRef = 1DA344951816983B0065AB87 /* UIKit.framework */; };
		1DA344C71816983C0065AB87 /* Foundation.framework in Frameworks */ = {isa = PBXBuildFile; fileRef = 1DA344971816983B0065AB87 /* Foundation.framework */; };
		1DA344CF1816983C0065AB87 /* InfoPlist.strings in Resources */ = {isa = PBXBuildFile; fileRef = 1DA344CD1816983C0065AB87 /* InfoPlist.strings */; };
		1DA344D21816983C0065AB87 /* CarGpsTests.m in Sources */ = {isa = PBXBuildFile; fileRef = 1DA344D11816983C0065AB87 /* CarGpsTests.m */; };
		1DA344EE1816B7270065AB87 /* SystemConfiguration.framework in Frameworks */ = {isa = PBXBuildFile; fileRef = 1DA344ED1816B7270065AB87 /* SystemConfiguration.framework */; settings = {ATTRIBUTES = (Required, ); }; };
		1DA344F01816B74B0065AB87 /* CoreLocation.framework in Frameworks */ = {isa = PBXBuildFile; fileRef = 1DA344EF1816B74B0065AB87 /* CoreLocation.framework */; };
		1DA74DBD183E0A060095DD50 /* icon57.png in Resources */ = {isa = PBXBuildFile; fileRef = 1DA74DBA183E0A060095DD50 /* icon57.png */; };
		1DA74DBE183E0A060095DD50 /* icon114.png in Resources */ = {isa = PBXBuildFile; fileRef = 1DA74DBB183E0A060095DD50 /* icon114.png */; };
		1DA74DBF183E0A060095DD50 /* icon120.png in Resources */ = {isa = PBXBuildFile; fileRef = 1DA74DBC183E0A060095DD50 /* icon120.png */; };
		1DA8301418314F0300BA9940 /* map.png in Resources */ = {isa = PBXBuildFile; fileRef = 1DA8301118314F0300BA9940 /* map.png */; };
		1DA8301518314F0300BA9940 /* members.png in Resources */ = {isa = PBXBuildFile; fileRef = 1DA8301218314F0300BA9940 /* members.png */; };
		1DA8301618314F0300BA9940 /* settings.png in Resources */ = {isa = PBXBuildFile; fileRef = 1DA8301318314F0300BA9940 /* settings.png */; };
		1DA8301B1832406C00BA9940 /* east.png in Resources */ = {isa = PBXBuildFile; fileRef = 1DA830171832406C00BA9940 /* east.png */; };
		1DA8301C1832406C00BA9940 /* north.png in Resources */ = {isa = PBXBuildFile; fileRef = 1DA830181832406C00BA9940 /* north.png */; };
		1DA8301D1832406C00BA9940 /* south.png in Resources */ = {isa = PBXBuildFile; fileRef = 1DA830191832406C00BA9940 /* south.png */; };
		1DA8301E1832406C00BA9940 /* west.png in Resources */ = {isa = PBXBuildFile; fileRef = 1DA8301A1832406C00BA9940 /* west.png */; };
		1DA83028183299BE00BA9940 /* icon340x480.png in Resources */ = {isa = PBXBuildFile; fileRef = 1DA83021183299BE00BA9940 /* icon340x480.png */; };
		1DA83029183299BE00BA9940 /* icon640x960.png in Resources */ = {isa = PBXBuildFile; fileRef = 1DA83022183299BE00BA9940 /* icon640x960.png */; };
		1DA8302A183299BE00BA9940 /* icon640x1136.png in Resources */ = {isa = PBXBuildFile; fileRef = 1DA83023183299BE00BA9940 /* icon640x1136.png */; };
		1DA8302B183299BE00BA9940 /* icon768x1024.png in Resources */ = {isa = PBXBuildFile; fileRef = 1DA83024183299BE00BA9940 /* icon768x1024.png */; };
		1DA8302C183299BE00BA9940 /* icon1024x1024.png in Resources */ = {isa = PBXBuildFile; fileRef = 1DA83025183299BE00BA9940 /* icon1024x1024.png */; };
		1DAFAC34181E68470005F435 /* AccountViewController.m in Sources */ = {isa = PBXBuildFile; fileRef = 1DAFAC1F181E68470005F435 /* AccountViewController.m */; };
		1DAFAC35181E68470005F435 /* CarGpsAlerts.m in Sources */ = {isa = PBXBuildFile; fileRef = 1DAFAC22181E68470005F435 /* CarGpsAlerts.m */; };
		1DAFAC36181E68470005F435 /* CarGpsAppManager.m in Sources */ = {isa = PBXBuildFile; fileRef = 1DAFAC24181E68470005F435 /* CarGpsAppManager.m */; };
		1DAFAC37181E68470005F435 /* CarGpsClient.m in Sources */ = {isa = PBXBuildFile; fileRef = 1DAFAC26181E68470005F435 /* CarGpsClient.m */; };
		1DAFAC38181E68470005F435 /* CarGpsSettings.m in Sources */ = {isa = PBXBuildFile; fileRef = 1DAFAC28181E68470005F435 /* CarGpsSettings.m */; };
		1DAFAC39181E68470005F435 /* CarGpsUser.m in Sources */ = {isa = PBXBuildFile; fileRef = 1DAFAC2A181E68470005F435 /* CarGpsUser.m */; };
		1DAFAC3A181E68470005F435 /* MainViewController.m in Sources */ = {isa = PBXBuildFile; fileRef = 1DAFAC2C181E68470005F435 /* MainViewController.m */; };
		1DAFAC3B181E68470005F435 /* reachability.m in Sources */ = {isa = PBXBuildFile; fileRef = 1DAFAC2E181E68470005F435 /* reachability.m */; settings = {COMPILER_FLAGS = "-fno-objc-arc"; }; };
		1DAFAC3C181E68470005F435 /* Settings.plist in Resources */ = {isa = PBXBuildFile; fileRef = 1DAFAC2F181E68470005F435 /* Settings.plist */; };
		1DAFAC3D181E68470005F435 /* SettingsContainerViewController.m in Sources */ = {isa = PBXBuildFile; fileRef = 1DAFAC31181E68470005F435 /* SettingsContainerViewController.m */; };
		1DAFAC3E181E68470005F435 /* SettingsViewController.m in Sources */ = {isa = PBXBuildFile; fileRef = 1DAFAC33181E68470005F435 /* SettingsViewController.m */; };
		1DB3A90F1823D3CF003DE636 /* CarGpsServerCommand.m in Sources */ = {isa = PBXBuildFile; fileRef = 1DB3A90E1823D3CF003DE636 /* CarGpsServerCommand.m */; };
		1DB3A91318268D7F003DE636 /* MapSettingsViewController.m in Sources */ = {isa = PBXBuildFile; fileRef = 1DB3A91218268D7D003DE636 /* MapSettingsViewController.m */; };
		1DBD7217183CB8FF00E57C38 /* icon114.png in Resources */ = {isa = PBXBuildFile; fileRef = 1DBD7216183CB8FF00E57C38 /* icon114.png */; };
		1DBD7219183CB90400E57C38 /* Default.png in Resources */ = {isa = PBXBuildFile; fileRef = 1DBD7218183CB90400E57C38 /* Default.png */; };
		1DBD721B183CB90D00E57C38 /* Default@2x.png in Resources */ = {isa = PBXBuildFile; fileRef = 1DBD721A183CB90D00E57C38 /* Default@2x.png */; };
		1DBD721D183CB91900E57C38 /* Default-568h@2x.png in Resources */ = {isa = PBXBuildFile; fileRef = 1DBD721C183CB91800E57C38 /* Default-568h@2x.png */; };
		1DBD721F183CB96E00E57C38 /* icon57.png in Resources */ = {isa = PBXBuildFile; fileRef = 1DBD721E183CB96E00E57C38 /* icon57.png */; };
		1DF751CB1844FEAF0090001C /* icon29.png in Resources */ = {isa = PBXBuildFile; fileRef = 1DF751C81844FEAF0090001C /* icon29.png */; };
		1DF751CC1844FEAF0090001C /* icon58.png in Resources */ = {isa = PBXBuildFile; fileRef = 1DF751C91844FEAF0090001C /* icon58.png */; };
		1DF751CD1844FEAF0090001C /* icon80.png in Resources */ = {isa = PBXBuildFile; fileRef = 1DF751CA1844FEAF0090001C /* icon80.png */; };
		1DF751D01847CEF70090001C /* StationViewController.m in Sources */ = {isa = PBXBuildFile; fileRef = 1DF751CF1847CEF70090001C /* StationViewController.m */; };
/* End PBXBuildFile section */

/* Begin PBXContainerItemProxy section */
		1DA344C81816983C0065AB87 /* PBXContainerItemProxy */ = {
			isa = PBXContainerItemProxy;
			containerPortal = 1DA3448A1816983B0065AB87 /* Project object */;
			proxyType = 1;
			remoteGlobalIDString = 1DA344911816983B0065AB87;
			remoteInfo = CarGps;
		};
/* End PBXContainerItemProxy section */

/* Begin PBXFileReference section */
		1D015361181ECB9D0087D764 /* MapKit.framework */ = {isa = PBXFileReference; lastKnownFileType = wrapper.framework; name = MapKit.framework; path = System/Library/Frameworks/MapKit.framework; sourceTree = SDKROOT; };
		1D01536618200CE40087D764 /* InfoViewController.h */ = {isa = PBXFileReference; fileEncoding = 4; lastKnownFileType = sourcecode.c.h; path = InfoViewController.h; sourceTree = "<group>"; };
		1D01536718200CE40087D764 /* InfoViewController.m */ = {isa = PBXFileReference; fileEncoding = 4; lastKnownFileType = sourcecode.c.objc; path = InfoViewController.m; sourceTree = "<group>"; wrapsLines = 0; };
		1D07DD391830CD3C00D1BD9D /* MembersContainerViewController.h */ = {isa = PBXFileReference; fileEncoding = 4; lastKnownFileType = sourcecode.c.h; path = MembersContainerViewController.h; sourceTree = "<group>"; };
		1D07DD3A1830CD3C00D1BD9D /* MembersContainerViewController.m */ = {isa = PBXFileReference; fileEncoding = 4; lastKnownFileType = sourcecode.c.objc; path = MembersContainerViewController.m; sourceTree = "<group>"; };
		1D9F4B62184E2EDC002A6BD3 /* CarGpsLocationManager.h */ = {isa = PBXFileReference; fileEncoding = 4; lastKnownFileType = sourcecode.c.h; path = CarGpsLocationManager.h; sourceTree = "<group>"; };
		1D9F4B63184E2EDC002A6BD3 /* CarGpsLocationManager.m */ = {isa = PBXFileReference; fileEncoding = 4; lastKnownFileType = sourcecode.c.objc; path = CarGpsLocationManager.m; sourceTree = "<group>"; };
		1DA344921816983B0065AB87 /* proxiConn.app */ = {isa = PBXFileReference; explicitFileType = wrapper.application; includeInIndex = 0; path = proxiConn.app; sourceTree = BUILT_PRODUCTS_DIR; };
		1DA344951816983B0065AB87 /* UIKit.framework */ = {isa = PBXFileReference; lastKnownFileType = wrapper.framework; name = UIKit.framework; path = System/Library/Frameworks/UIKit.framework; sourceTree = SDKROOT; };
		1DA344971816983B0065AB87 /* Foundation.framework */ = {isa = PBXFileReference; lastKnownFileType = wrapper.framework; name = Foundation.framework; path = System/Library/Frameworks/Foundation.framework; sourceTree = SDKROOT; };
		1DA344991816983B0065AB87 /* CoreGraphics.framework */ = {isa = PBXFileReference; lastKnownFileType = wrapper.framework; name = CoreGraphics.framework; path = System/Library/Frameworks/CoreGraphics.framework; sourceTree = SDKROOT; };
		1DA3449D1816983B0065AB87 /* CarGps-Info.plist */ = {isa = PBXFileReference; lastKnownFileType = text.plist.xml; path = "CarGps-Info.plist"; sourceTree = "<group>"; };
		1DA3449F1816983B0065AB87 /* en */ = {isa = PBXFileReference; lastKnownFileType = text.plist.strings; name = en; path = en.lproj/InfoPlist.strings; sourceTree = "<group>"; };
		1DA344A11816983B0065AB87 /* main.m */ = {isa = PBXFileReference; lastKnownFileType = sourcecode.c.objc; path = main.m; sourceTree = "<group>"; };
		1DA344A31816983B0065AB87 /* CarGps-Prefix.pch */ = {isa = PBXFileReference; lastKnownFileType = sourcecode.c.h; path = "CarGps-Prefix.pch"; sourceTree = "<group>"; };
		1DA344A41816983B0065AB87 /* AppDelegate.h */ = {isa = PBXFileReference; lastKnownFileType = sourcecode.c.h; path = AppDelegate.h; sourceTree = "<group>"; };
		1DA344A51816983B0065AB87 /* AppDelegate.m */ = {isa = PBXFileReference; lastKnownFileType = sourcecode.c.objc; path = AppDelegate.m; sourceTree = "<group>"; };
		1DA344AE1816983B0065AB87 /* en */ = {isa = PBXFileReference; lastKnownFileType = file.storyboard; name = en; path = en.lproj/MainStoryboard.storyboard; sourceTree = "<group>"; };
		1DA344B01816983B0065AB87 /* MembersViewController.h */ = {isa = PBXFileReference; lastKnownFileType = sourcecode.c.h; path = MembersViewController.h; sourceTree = "<group>"; wrapsLines = 0; };
		1DA344B11816983B0065AB87 /* MembersViewController.m */ = {isa = PBXFileReference; lastKnownFileType = sourcecode.c.objc; path = MembersViewController.m; sourceTree = "<group>"; wrapsLines = 0; };
		1DA344B71816983B0065AB87 /* MapViewController.h */ = {isa = PBXFileReference; lastKnownFileType = sourcecode.c.h; path = MapViewController.h; sourceTree = "<group>"; };
		1DA344B81816983B0065AB87 /* MapViewController.m */ = {isa = PBXFileReference; lastKnownFileType = sourcecode.c.objc; path = MapViewController.m; sourceTree = "<group>"; wrapsLines = 0; };
		1DA344C31816983C0065AB87 /* CarGpsTests.octest */ = {isa = PBXFileReference; explicitFileType = wrapper.cfbundle; includeInIndex = 0; path = CarGpsTests.octest; sourceTree = BUILT_PRODUCTS_DIR; };
		1DA344C41816983C0065AB87 /* SenTestingKit.framework */ = {isa = PBXFileReference; lastKnownFileType = wrapper.framework; name = SenTestingKit.framework; path = Library/Frameworks/SenTestingKit.framework; sourceTree = DEVELOPER_DIR; };
		1DA344CC1816983C0065AB87 /* CarGpsTests-Info.plist */ = {isa = PBXFileReference; lastKnownFileType = text.plist.xml; path = "CarGpsTests-Info.plist"; sourceTree = "<group>"; };
		1DA344CE1816983C0065AB87 /* en */ = {isa = PBXFileReference; lastKnownFileType = text.plist.strings; name = en; path = en.lproj/InfoPlist.strings; sourceTree = "<group>"; };
		1DA344D01816983C0065AB87 /* CarGpsTests.h */ = {isa = PBXFileReference; lastKnownFileType = sourcecode.c.h; path = CarGpsTests.h; sourceTree = "<group>"; };
		1DA344D11816983C0065AB87 /* CarGpsTests.m */ = {isa = PBXFileReference; lastKnownFileType = sourcecode.c.objc; path = CarGpsTests.m; sourceTree = "<group>"; };
		1DA344ED1816B7270065AB87 /* SystemConfiguration.framework */ = {isa = PBXFileReference; lastKnownFileType = wrapper.framework; name = SystemConfiguration.framework; path = System/Library/Frameworks/SystemConfiguration.framework; sourceTree = SDKROOT; };
		1DA344EF1816B74B0065AB87 /* CoreLocation.framework */ = {isa = PBXFileReference; lastKnownFileType = wrapper.framework; name = CoreLocation.framework; path = System/Library/Frameworks/CoreLocation.framework; sourceTree = SDKROOT; };
		1DA74DBA183E0A060095DD50 /* icon57.png */ = {isa = PBXFileReference; lastKnownFileType = image.png; path = icon57.png; sourceTree = "<group>"; };
		1DA74DBB183E0A060095DD50 /* icon114.png */ = {isa = PBXFileReference; lastKnownFileType = image.png; path = icon114.png; sourceTree = "<group>"; };
		1DA74DBC183E0A060095DD50 /* icon120.png */ = {isa = PBXFileReference; lastKnownFileType = image.png; path = icon120.png; sourceTree = "<group>"; };
		1DA8301118314F0300BA9940 /* map.png */ = {isa = PBXFileReference; lastKnownFileType = image.png; path = map.png; sourceTree = "<group>"; };
		1DA8301218314F0300BA9940 /* members.png */ = {isa = PBXFileReference; lastKnownFileType = image.png; path = members.png; sourceTree = "<group>"; };
		1DA8301318314F0300BA9940 /* settings.png */ = {isa = PBXFileReference; lastKnownFileType = image.png; path = settings.png; sourceTree = "<group>"; };
		1DA830171832406C00BA9940 /* east.png */ = {isa = PBXFileReference; lastKnownFileType = image.png; path = east.png; sourceTree = "<group>"; };
		1DA830181832406C00BA9940 /* north.png */ = {isa = PBXFileReference; lastKnownFileType = image.png; path = north.png; sourceTree = "<group>"; };
		1DA830191832406C00BA9940 /* south.png */ = {isa = PBXFileReference; lastKnownFileType = image.png; path = south.png; sourceTree = "<group>"; };
		1DA8301A1832406C00BA9940 /* west.png */ = {isa = PBXFileReference; lastKnownFileType = image.png; path = west.png; sourceTree = "<group>"; };
		1DA83021183299BE00BA9940 /* icon340x480.png */ = {isa = PBXFileReference; lastKnownFileType = image.png; path = icon340x480.png; sourceTree = "<group>"; };
		1DA83022183299BE00BA9940 /* icon640x960.png */ = {isa = PBXFileReference; lastKnownFileType = image.png; path = icon640x960.png; sourceTree = "<group>"; };
		1DA83023183299BE00BA9940 /* icon640x1136.png */ = {isa = PBXFileReference; lastKnownFileType = image.png; path = icon640x1136.png; sourceTree = "<group>"; };
		1DA83024183299BE00BA9940 /* icon768x1024.png */ = {isa = PBXFileReference; lastKnownFileType = image.png; path = icon768x1024.png; sourceTree = "<group>"; };
		1DA83025183299BE00BA9940 /* icon1024x1024.png */ = {isa = PBXFileReference; lastKnownFileType = image.png; path = icon1024x1024.png; sourceTree = "<group>"; };
		1DAFAC1E181E68470005F435 /* AccountViewController.h */ = {isa = PBXFileReference; fileEncoding = 4; lastKnownFileType = sourcecode.c.h; path = AccountViewController.h; sourceTree = "<group>"; };
		1DAFAC1F181E68470005F435 /* AccountViewController.m */ = {isa = PBXFileReference; fileEncoding = 4; lastKnownFileType = sourcecode.c.objc; path = AccountViewController.m; sourceTree = "<group>"; wrapsLines = 0; };
		1DAFAC20181E68470005F435 /* AppDefinitions.h */ = {isa = PBXFileReference; fileEncoding = 4; lastKnownFileType = sourcecode.c.h; path = AppDefinitions.h; sourceTree = "<group>"; };
		1DAFAC21181E68470005F435 /* CarGpsAlerts.h */ = {isa = PBXFileReference; fileEncoding = 4; lastKnownFileType = sourcecode.c.h; path = CarGpsAlerts.h; sourceTree = "<group>"; };
		1DAFAC22181E68470005F435 /* CarGpsAlerts.m */ = {isa = PBXFileReference; fileEncoding = 4; lastKnownFileType = sourcecode.c.objc; path = CarGpsAlerts.m; sourceTree = "<group>"; };
		1DAFAC23181E68470005F435 /* CarGpsAppManager.h */ = {isa = PBXFileReference; fileEncoding = 4; lastKnownFileType = sourcecode.c.h; path = CarGpsAppManager.h; sourceTree = "<group>"; };
		1DAFAC24181E68470005F435 /* CarGpsAppManager.m */ = {isa = PBXFileReference; fileEncoding = 4; lastKnownFileType = sourcecode.c.objc; path = CarGpsAppManager.m; sourceTree = "<group>"; wrapsLines = 0; };
		1DAFAC25181E68470005F435 /* CarGpsClient.h */ = {isa = PBXFileReference; fileEncoding = 4; lastKnownFileType = sourcecode.c.h; path = CarGpsClient.h; sourceTree = "<group>"; };
		1DAFAC26181E68470005F435 /* CarGpsClient.m */ = {isa = PBXFileReference; fileEncoding = 4; lastKnownFileType = sourcecode.c.objc; path = CarGpsClient.m; sourceTree = "<group>"; wrapsLines = 0; };
		1DAFAC27181E68470005F435 /* CarGpsSettings.h */ = {isa = PBXFileReference; fileEncoding = 4; lastKnownFileType = sourcecode.c.h; path = CarGpsSettings.h; sourceTree = "<group>"; };
		1DAFAC28181E68470005F435 /* CarGpsSettings.m */ = {isa = PBXFileReference; fileEncoding = 4; lastKnownFileType = sourcecode.c.objc; path = CarGpsSettings.m; sourceTree = "<group>"; wrapsLines = 0; };
		1DAFAC29181E68470005F435 /* CarGpsUser.h */ = {isa = PBXFileReference; fileEncoding = 4; lastKnownFileType = sourcecode.c.h; path = CarGpsUser.h; sourceTree = "<group>"; };
		1DAFAC2A181E68470005F435 /* CarGpsUser.m */ = {isa = PBXFileReference; fileEncoding = 4; lastKnownFileType = sourcecode.c.objc; path = CarGpsUser.m; sourceTree = "<group>"; wrapsLines = 0; };
		1DAFAC2B181E68470005F435 /* MainViewController.h */ = {isa = PBXFileReference; fileEncoding = 4; lastKnownFileType = sourcecode.c.h; path = MainViewController.h; sourceTree = "<group>"; };
		1DAFAC2C181E68470005F435 /* MainViewController.m */ = {isa = PBXFileReference; fileEncoding = 4; lastKnownFileType = sourcecode.c.objc; path = MainViewController.m; sourceTree = "<group>"; };
		1DAFAC2D181E68470005F435 /* reachability.h */ = {isa = PBXFileReference; fileEncoding = 4; lastKnownFileType = sourcecode.c.h; path = reachability.h; sourceTree = "<group>"; };
		1DAFAC2E181E68470005F435 /* reachability.m */ = {isa = PBXFileReference; fileEncoding = 4; lastKnownFileType = sourcecode.c.objc; path = reachability.m; sourceTree = "<group>"; };
		1DAFAC2F181E68470005F435 /* Settings.plist */ = {isa = PBXFileReference; fileEncoding = 4; lastKnownFileType = text.plist.xml; path = Settings.plist; sourceTree = "<group>"; };
		1DAFAC30181E68470005F435 /* SettingsContainerViewController.h */ = {isa = PBXFileReference; fileEncoding = 4; lastKnownFileType = sourcecode.c.h; path = SettingsContainerViewController.h; sourceTree = "<group>"; };
		1DAFAC31181E68470005F435 /* SettingsContainerViewController.m */ = {isa = PBXFileReference; fileEncoding = 4; lastKnownFileType = sourcecode.c.objc; path = SettingsContainerViewController.m; sourceTree = "<group>"; };
		1DAFAC32181E68470005F435 /* SettingsViewController.h */ = {isa = PBXFileReference; fileEncoding = 4; lastKnownFileType = sourcecode.c.h; path = SettingsViewController.h; sourceTree = "<group>"; wrapsLines = 0; };
		1DAFAC33181E68470005F435 /* SettingsViewController.m */ = {isa = PBXFileReference; fileEncoding = 4; lastKnownFileType = sourcecode.c.objc; path = SettingsViewController.m; sourceTree = "<group>"; wrapsLines = 0; };
		1DB3A90D1823D3CF003DE636 /* CarGpsServerCommand.h */ = {isa = PBXFileReference; fileEncoding = 4; lastKnownFileType = sourcecode.c.h; path = CarGpsServerCommand.h; sourceTree = "<group>"; };
		1DB3A90E1823D3CF003DE636 /* CarGpsServerCommand.m */ = {isa = PBXFileReference; fileEncoding = 4; lastKnownFileType = sourcecode.c.objc; path = CarGpsServerCommand.m; sourceTree = "<group>"; };
		1DB3A91118268D7C003DE636 /* MapSettingsViewController.h */ = {isa = PBXFileReference; fileEncoding = 4; lastKnownFileType = sourcecode.c.h; path = MapSettingsViewController.h; sourceTree = "<group>"; };
		1DB3A91218268D7D003DE636 /* MapSettingsViewController.m */ = {isa = PBXFileReference; fileEncoding = 4; lastKnownFileType = sourcecode.c.objc; path = MapSettingsViewController.m; sourceTree = "<group>"; wrapsLines = 0; };
		1DBD7216183CB8FF00E57C38 /* icon114.png */ = {isa = PBXFileReference; lastKnownFileType = image.png; path = icon114.png; sourceTree = "<group>"; };
		1DBD7218183CB90400E57C38 /* Default.png */ = {isa = PBXFileReference; lastKnownFileType = image.png; path = Default.png; sourceTree = "<group>"; };
		1DBD721A183CB90D00E57C38 /* Default@2x.png */ = {isa = PBXFileReference; lastKnownFileType = image.png; path = "Default@2x.png"; sourceTree = "<group>"; };
		1DBD721C183CB91800E57C38 /* Default-568h@2x.png */ = {isa = PBXFileReference; lastKnownFileType = image.png; path = "Default-568h@2x.png"; sourceTree = "<group>"; };
		1DBD721E183CB96E00E57C38 /* icon57.png */ = {isa = PBXFileReference; lastKnownFileType = image.png; path = icon57.png; sourceTree = "<group>"; };
		1DF751C81844FEAF0090001C /* icon29.png */ = {isa = PBXFileReference; lastKnownFileType = image.png; path = icon29.png; sourceTree = "<group>"; };
		1DF751C91844FEAF0090001C /* icon58.png */ = {isa = PBXFileReference; lastKnownFileType = image.png; path = icon58.png; sourceTree = "<group>"; };
		1DF751CA1844FEAF0090001C /* icon80.png */ = {isa = PBXFileReference; lastKnownFileType = image.png; path = icon80.png; sourceTree = "<group>"; };
		1DF751CE1847CEF70090001C /* StationViewController.h */ = {isa = PBXFileReference; fileEncoding = 4; lastKnownFileType = sourcecode.c.h; path = StationViewController.h; sourceTree = "<group>"; };
		1DF751CF1847CEF70090001C /* StationViewController.m */ = {isa = PBXFileReference; fileEncoding = 4; lastKnownFileType = sourcecode.c.objc; path = StationViewController.m; sourceTree = "<group>"; wrapsLines = 0; };
/* End PBXFileReference section */

/* Begin PBXFrameworksBuildPhase section */
		1DA3448F1816983B0065AB87 /* Frameworks */ = {
			isa = PBXFrameworksBuildPhase;
			buildActionMask = 2147483647;
			files = (
				1D015362181ECB9D0087D764 /* MapKit.framework in Frameworks */,
				1DA344F01816B74B0065AB87 /* CoreLocation.framework in Frameworks */,
				1DA344EE1816B7270065AB87 /* SystemConfiguration.framework in Frameworks */,
				1DA344961816983B0065AB87 /* UIKit.framework in Frameworks */,
				1DA344981816983B0065AB87 /* Foundation.framework in Frameworks */,
				1DA3449A1816983B0065AB87 /* CoreGraphics.framework in Frameworks */,
			);
			runOnlyForDeploymentPostprocessing = 0;
		};
		1DA344BF1816983C0065AB87 /* Frameworks */ = {
			isa = PBXFrameworksBuildPhase;
			buildActionMask = 2147483647;
			files = (
				1DA344C51816983C0065AB87 /* SenTestingKit.framework in Frameworks */,
				1DA344C61816983C0065AB87 /* UIKit.framework in Frameworks */,
				1DA344C71816983C0065AB87 /* Foundation.framework in Frameworks */,
			);
			runOnlyForDeploymentPostprocessing = 0;
		};
/* End PBXFrameworksBuildPhase section */

/* Begin PBXGroup section */
		1D07DD381830CC4500D1BD9D /* Cointainers */ = {
			isa = PBXGroup;
			children = (
				1DAFAC30181E68470005F435 /* SettingsContainerViewController.h */,
				1DAFAC31181E68470005F435 /* SettingsContainerViewController.m */,
				1D07DD391830CD3C00D1BD9D /* MembersContainerViewController.h */,
				1D07DD3A1830CD3C00D1BD9D /* MembersContainerViewController.m */,
			);
			name = Cointainers;
			sourceTree = "<group>";
		};
		1DA344891816983B0065AB87 = {
			isa = PBXGroup;
			children = (
				1DBD721E183CB96E00E57C38 /* icon57.png */,
				1DBD721C183CB91800E57C38 /* Default-568h@2x.png */,
				1DBD721A183CB90D00E57C38 /* Default@2x.png */,
				1DBD7218183CB90400E57C38 /* Default.png */,
				1DBD7216183CB8FF00E57C38 /* icon114.png */,
				1DA3449B1816983B0065AB87 /* CarGps */,
				1DA344CA1816983C0065AB87 /* CarGpsTests */,
				1DA344941816983B0065AB87 /* Frameworks */,
				1DA344931816983B0065AB87 /* Products */,
			);
			sourceTree = "<group>";
		};
		1DA344931816983B0065AB87 /* Products */ = {
			isa = PBXGroup;
			children = (
				1DA344921816983B0065AB87 /* proxiConn.app */,
				1DA344C31816983C0065AB87 /* CarGpsTests.octest */,
			);
			name = Products;
			sourceTree = "<group>";
		};
		1DA344941816983B0065AB87 /* Frameworks */ = {
			isa = PBXGroup;
			children = (
				1D015361181ECB9D0087D764 /* MapKit.framework */,
				1DA344EF1816B74B0065AB87 /* CoreLocation.framework */,
				1DA344ED1816B7270065AB87 /* SystemConfiguration.framework */,
				1DA344951816983B0065AB87 /* UIKit.framework */,
				1DA344971816983B0065AB87 /* Foundation.framework */,
				1DA344991816983B0065AB87 /* CoreGraphics.framework */,
				1DA344C41816983C0065AB87 /* SenTestingKit.framework */,
			);
			name = Frameworks;
			sourceTree = "<group>";
		};
		1DA3449B1816983B0065AB87 /* CarGps */ = {
			isa = PBXGroup;
			children = (
				1DA8300018314A6400BA9940 /* Images */,
				1D07DD381830CC4500D1BD9D /* Cointainers */,
				1DB3A9101823DCE8003DE636 /* Support Classes */,
				1D9F4B62184E2EDC002A6BD3 /* CarGpsLocationManager.h */,
				1D9F4B63184E2EDC002A6BD3 /* CarGpsLocationManager.m */,
				1DAFAC25181E68470005F435 /* CarGpsClient.h */,
				1DAFAC26181E68470005F435 /* CarGpsClient.m */,
				1DAFAC23181E68470005F435 /* CarGpsAppManager.h */,
				1DAFAC24181E68470005F435 /* CarGpsAppManager.m */,
				1DAFAC2B181E68470005F435 /* MainViewController.h */,
				1DAFAC2C181E68470005F435 /* MainViewController.m */,
				1DAFAC32181E68470005F435 /* SettingsViewController.h */,
				1DAFAC33181E68470005F435 /* SettingsViewController.m */,
				1DAFAC1E181E68470005F435 /* AccountViewController.h */,
				1DAFAC1F181E68470005F435 /* AccountViewController.m */,
				1DA344B01816983B0065AB87 /* MembersViewController.h */,
				1DA344B11816983B0065AB87 /* MembersViewController.m */,
				1D01536618200CE40087D764 /* InfoViewController.h */,
				1D01536718200CE40087D764 /* InfoViewController.m */,
				1DA344B71816983B0065AB87 /* MapViewController.h */,
				1DA344B81816983B0065AB87 /* MapViewController.m */,
				1DB3A91118268D7C003DE636 /* MapSettingsViewController.h */,
				1DB3A91218268D7D003DE636 /* MapSettingsViewController.m */,
				1DF751CE1847CEF70090001C /* StationViewController.h */,
				1DF751CF1847CEF70090001C /* StationViewController.m */,
				1DA344AD1816983B0065AB87 /* MainStoryboard.storyboard */,
				1DA3449C1816983B0065AB87 /* Supporting Files */,
			);
			path = CarGps;
			sourceTree = "<group>";
		};
		1DA3449C1816983B0065AB87 /* Supporting Files */ = {
			isa = PBXGroup;
			children = (
				1DAFAC20181E68470005F435 /* AppDefinitions.h */,
				1DAFAC2F181E68470005F435 /* Settings.plist */,
				1DA3449D1816983B0065AB87 /* CarGps-Info.plist */,
				1DA3449E1816983B0065AB87 /* InfoPlist.strings */,
				1DA344A11816983B0065AB87 /* main.m */,
				1DA344A31816983B0065AB87 /* CarGps-Prefix.pch */,
			);
			name = "Supporting Files";
			sourceTree = "<group>";
		};
		1DA344CA1816983C0065AB87 /* CarGpsTests */ = {
			isa = PBXGroup;
			children = (
				1DA344D01816983C0065AB87 /* CarGpsTests.h */,
				1DA344D11816983C0065AB87 /* CarGpsTests.m */,
				1DA344CB1816983C0065AB87 /* Supporting Files */,
			);
			path = CarGpsTests;
			sourceTree = "<group>";
		};
		1DA344CB1816983C0065AB87 /* Supporting Files */ = {
			isa = PBXGroup;
			children = (
				1DA344CC1816983C0065AB87 /* CarGpsTests-Info.plist */,
				1DA344CD1816983C0065AB87 /* InfoPlist.strings */,
			);
			name = "Supporting Files";
			sourceTree = "<group>";
		};
		1DA8300018314A6400BA9940 /* Images */ = {
			isa = PBXGroup;
			children = (
				1DF751C81844FEAF0090001C /* icon29.png */,
				1DF751C91844FEAF0090001C /* icon58.png */,
				1DF751CA1844FEAF0090001C /* icon80.png */,
				1DA74DBA183E0A060095DD50 /* icon57.png */,
				1DA74DBB183E0A060095DD50 /* icon114.png */,
				1DA74DBC183E0A060095DD50 /* icon120.png */,
				1DA83021183299BE00BA9940 /* icon340x480.png */,
				1DA83022183299BE00BA9940 /* icon640x960.png */,
				1DA83023183299BE00BA9940 /* icon640x1136.png */,
				1DA83024183299BE00BA9940 /* icon768x1024.png */,
				1DA83025183299BE00BA9940 /* icon1024x1024.png */,
				1DA830171832406C00BA9940 /* east.png */,
				1DA830181832406C00BA9940 /* north.png */,
				1DA830191832406C00BA9940 /* south.png */,
				1DA8301A1832406C00BA9940 /* west.png */,
				1DA8301118314F0300BA9940 /* map.png */,
				1DA8301218314F0300BA9940 /* members.png */,
				1DA8301318314F0300BA9940 /* settings.png */,
			);
			name = Images;
			sourceTree = "<group>";
		};
		1DB3A9101823DCE8003DE636 /* Support Classes */ = {
			isa = PBXGroup;
			children = (
				1DA344A41816983B0065AB87 /* AppDelegate.h */,
				1DA344A51816983B0065AB87 /* AppDelegate.m */,
				1DAFAC2D181E68470005F435 /* reachability.h */,
				1DAFAC2E181E68470005F435 /* reachability.m */,
				1DAFAC21181E68470005F435 /* CarGpsAlerts.h */,
				1DAFAC22181E68470005F435 /* CarGpsAlerts.m */,
				1DAFAC27181E68470005F435 /* CarGpsSettings.h */,
				1DAFAC28181E68470005F435 /* CarGpsSettings.m */,
				1DAFAC29181E68470005F435 /* CarGpsUser.h */,
				1DAFAC2A181E68470005F435 /* CarGpsUser.m */,
				1DB3A90D1823D3CF003DE636 /* CarGpsServerCommand.h */,
				1DB3A90E1823D3CF003DE636 /* CarGpsServerCommand.m */,
			);
			name = "Support Classes";
			sourceTree = "<group>";
		};
/* End PBXGroup section */

/* Begin PBXNativeTarget section */
		1DA344911816983B0065AB87 /* proxiConn */ = {
			isa = PBXNativeTarget;
			buildConfigurationList = 1DA344D51816983C0065AB87 /* Build configuration list for PBXNativeTarget "proxiConn" */;
			buildPhases = (
				1DA3448E1816983B0065AB87 /* Sources */,
				1DA3448F1816983B0065AB87 /* Frameworks */,
				1DA344901816983B0065AB87 /* Resources */,
			);
			buildRules = (
			);
			dependencies = (
			);
			name = proxiConn;
			productName = CarGps;
			productReference = 1DA344921816983B0065AB87 /* proxiConn.app */;
			productType = "com.apple.product-type.application";
		};
		1DA344C21816983C0065AB87 /* proxiConnTests */ = {
			isa = PBXNativeTarget;
			buildConfigurationList = 1DA344D81816983C0065AB87 /* Build configuration list for PBXNativeTarget "proxiConnTests" */;
			buildPhases = (
				1DA344BE1816983C0065AB87 /* Sources */,
				1DA344BF1816983C0065AB87 /* Frameworks */,
				1DA344C01816983C0065AB87 /* Resources */,
				1DA344C11816983C0065AB87 /* ShellScript */,
			);
			buildRules = (
			);
			dependencies = (
				1DA344C91816983C0065AB87 /* PBXTargetDependency */,
			);
			name = proxiConnTests;
			productName = CarGpsTests;
			productReference = 1DA344C31816983C0065AB87 /* CarGpsTests.octest */;
			productType = "com.apple.product-type.bundle";
		};
/* End PBXNativeTarget section */

/* Begin PBXProject section */
		1DA3448A1816983B0065AB87 /* Project object */ = {
			isa = PBXProject;
			attributes = {
				LastUpgradeCheck = 0460;
				ORGANIZATIONNAME = "Panos Kalodimas";
				TargetAttributes = {
					1DA344911816983B0065AB87 = {
						DevelopmentTeam = KQENNM4MH4;
					};
				};
			};
			buildConfigurationList = 1DA3448D1816983B0065AB87 /* Build configuration list for PBXProject "proxiConn" */;
			compatibilityVersion = "Xcode 3.2";
			developmentRegion = English;
			hasScannedForEncodings = 0;
			knownRegions = (
				en,
			);
			mainGroup = 1DA344891816983B0065AB87;
			productRefGroup = 1DA344931816983B0065AB87 /* Products */;
			projectDirPath = "";
			projectRoot = "";
			targets = (
				1DA344911816983B0065AB87 /* proxiConn */,
				1DA344C21816983C0065AB87 /* proxiConnTests */,
			);
		};
/* End PBXProject section */

/* Begin PBXResourcesBuildPhase section */
		1DA344901816983B0065AB87 /* Resources */ = {
			isa = PBXResourcesBuildPhase;
			buildActionMask = 2147483647;
			files = (
				1DF751CD1844FEAF0090001C /* icon80.png in Resources */,
				1DA344A01816983B0065AB87 /* InfoPlist.strings in Resources */,
				1DA344AF1816983B0065AB87 /* MainStoryboard.storyboard in Resources */,
				1DAFAC3C181E68470005F435 /* Settings.plist in Resources */,
				1DA8301418314F0300BA9940 /* map.png in Resources */,
				1DA8301518314F0300BA9940 /* members.png in Resources */,
				1DA8301618314F0300BA9940 /* settings.png in Resources */,
				1DA8301B1832406C00BA9940 /* east.png in Resources */,
				1DA8301C1832406C00BA9940 /* north.png in Resources */,
				1DA8301D1832406C00BA9940 /* south.png in Resources */,
				1DA8301E1832406C00BA9940 /* west.png in Resources */,
				1DA83028183299BE00BA9940 /* icon340x480.png in Resources */,
				1DA83029183299BE00BA9940 /* icon640x960.png in Resources */,
				1DA8302A183299BE00BA9940 /* icon640x1136.png in Resources */,
				1DA8302B183299BE00BA9940 /* icon768x1024.png in Resources */,
				1DA8302C183299BE00BA9940 /* icon1024x1024.png in Resources */,
				1DBD7217183CB8FF00E57C38 /* icon114.png in Resources */,
				1DBD7219183CB90400E57C38 /* Default.png in Resources */,
				1DF751CB1844FEAF0090001C /* icon29.png in Resources */,
				1DBD721B183CB90D00E57C38 /* Default@2x.png in Resources */,
				1DBD721D183CB91900E57C38 /* Default-568h@2x.png in Resources */,
				1DBD721F183CB96E00E57C38 /* icon57.png in Resources */,
				1DA74DBD183E0A060095DD50 /* icon57.png in Resources */,
				1DA74DBE183E0A060095DD50 /* icon114.png in Resources */,
				1DA74DBF183E0A060095DD50 /* icon120.png in Resources */,
				1DF751CC1844FEAF0090001C /* icon58.png in Resources */,
			);
			runOnlyForDeploymentPostprocessing = 0;
		};
		1DA344C01816983C0065AB87 /* Resources */ = {
			isa = PBXResourcesBuildPhase;
			buildActionMask = 2147483647;
			files = (
				1DA344CF1816983C0065AB87 /* InfoPlist.strings in Resources */,
			);
			runOnlyForDeploymentPostprocessing = 0;
		};
/* End PBXResourcesBuildPhase section */

/* Begin PBXShellScriptBuildPhase section */
		1DA344C11816983C0065AB87 /* ShellScript */ = {
			isa = PBXShellScriptBuildPhase;
			buildActionMask = 2147483647;
			files = (
			);
			inputPaths = (
			);
			outputPaths = (
			);
			runOnlyForDeploymentPostprocessing = 0;
			shellPath = /bin/sh;
			shellScript = "# Run the unit tests in this test bundle.\n\"${SYSTEM_DEVELOPER_DIR}/Tools/RunUnitTests\"\n";
		};
/* End PBXShellScriptBuildPhase section */

/* Begin PBXSourcesBuildPhase section */
		1DA3448E1816983B0065AB87 /* Sources */ = {
			isa = PBXSourcesBuildPhase;
			buildActionMask = 2147483647;
			files = (
				1DF751D01847CEF70090001C /* StationViewController.m in Sources */,
				1DA344A21816983B0065AB87 /* main.m in Sources */,
				1D9F4B64184E2EDD002A6BD3 /* CarGpsLocationManager.m in Sources */,
				1DA344A61816983B0065AB87 /* AppDelegate.m in Sources */,
				1DA344B21816983B0065AB87 /* MembersViewController.m in Sources */,
				1DA344B91816983B0065AB87 /* MapViewController.m in Sources */,
				1DAFAC34181E68470005F435 /* AccountViewController.m in Sources */,
				1DAFAC35181E68470005F435 /* CarGpsAlerts.m in Sources */,
				1DAFAC36181E68470005F435 /* CarGpsAppManager.m in Sources */,
				1DAFAC37181E68470005F435 /* CarGpsClient.m in Sources */,
				1DAFAC38181E68470005F435 /* CarGpsSettings.m in Sources */,
				1DAFAC39181E68470005F435 /* CarGpsUser.m in Sources */,
				1DAFAC3A181E68470005F435 /* MainViewController.m in Sources */,
				1DAFAC3B181E68470005F435 /* reachability.m in Sources */,
				1DAFAC3D181E68470005F435 /* SettingsContainerViewController.m in Sources */,
				1DAFAC3E181E68470005F435 /* SettingsViewController.m in Sources */,
				1D01536818200CE40087D764 /* InfoViewController.m in Sources */,
				1DB3A90F1823D3CF003DE636 /* CarGpsServerCommand.m in Sources */,
				1DB3A91318268D7F003DE636 /* MapSettingsViewController.m in Sources */,
				1D07DD3B1830CD3C00D1BD9D /* MembersContainerViewController.m in Sources */,
			);
			runOnlyForDeploymentPostprocessing = 0;
		};
		1DA344BE1816983C0065AB87 /* Sources */ = {
			isa = PBXSourcesBuildPhase;
			buildActionMask = 2147483647;
			files = (
				1DA344D21816983C0065AB87 /* CarGpsTests.m in Sources */,
			);
			runOnlyForDeploymentPostprocessing = 0;
		};
/* End PBXSourcesBuildPhase section */

/* Begin PBXTargetDependency section */
		1DA344C91816983C0065AB87 /* PBXTargetDependency */ = {
			isa = PBXTargetDependency;
			target = 1DA344911816983B0065AB87 /* proxiConn */;
			targetProxy = 1DA344C81816983C0065AB87 /* PBXContainerItemProxy */;
		};
/* End PBXTargetDependency section */

/* Begin PBXVariantGroup section */
		1DA3449E1816983B0065AB87 /* InfoPlist.strings */ = {
			isa = PBXVariantGroup;
			children = (
				1DA3449F1816983B0065AB87 /* en */,
			);
			name = InfoPlist.strings;
			sourceTree = "<group>";
		};
		1DA344AD1816983B0065AB87 /* MainStoryboard.storyboard */ = {
			isa = PBXVariantGroup;
			children = (
				1DA344AE1816983B0065AB87 /* en */,
			);
			name = MainStoryboard.storyboard;
			sourceTree = "<group>";
		};
		1DA344CD1816983C0065AB87 /* InfoPlist.strings */ = {
			isa = PBXVariantGroup;
			children = (
				1DA344CE1816983C0065AB87 /* en */,
			);
			name = InfoPlist.strings;
			sourceTree = "<group>";
		};
/* End PBXVariantGroup section */

/* Begin XCBuildConfiguration section */
		1DA344D31816983C0065AB87 /* Debug */ = {
			isa = XCBuildConfiguration;
			buildSettings = {
				ALWAYS_SEARCH_USER_PATHS = NO;
				CLANG_CXX_LANGUAGE_STANDARD = "gnu++0x";
				CLANG_CXX_LIBRARY = "libc++";
				CLANG_ENABLE_OBJC_ARC = YES;
				CLANG_WARN_CONSTANT_CONVERSION = YES;
				CLANG_WARN_EMPTY_BODY = YES;
				CLANG_WARN_ENUM_CONVERSION = YES;
				CLANG_WARN_INT_CONVERSION = YES;
				CLANG_WARN__DUPLICATE_METHOD_MATCH = YES;
				"CODE_SIGN_IDENTITY[sdk=iphoneos*]" = "iPhone Developer";
				COPY_PHASE_STRIP = NO;
				GCC_C_LANGUAGE_STANDARD = gnu99;
				GCC_DYNAMIC_NO_PIC = NO;
				GCC_OPTIMIZATION_LEVEL = 0;
				GCC_PREPROCESSOR_DEFINITIONS = (
					"DEBUG=1",
					"$(inherited)",
				);
				GCC_SYMBOLS_PRIVATE_EXTERN = NO;
				GCC_WARN_ABOUT_RETURN_TYPE = YES;
				GCC_WARN_UNINITIALIZED_AUTOS = YES;
				GCC_WARN_UNUSED_VARIABLE = YES;
				IPHONEOS_DEPLOYMENT_TARGET = 6.1;
				ONLY_ACTIVE_ARCH = YES;
				SDKROOT = iphoneos;
			};
			name = Debug;
		};
		1DA344D41816983C0065AB87 /* Release */ = {
			isa = XCBuildConfiguration;
			buildSettings = {
				ALWAYS_SEARCH_USER_PATHS = NO;
				CLANG_CXX_LANGUAGE_STANDARD = "gnu++0x";
				CLANG_CXX_LIBRARY = "libc++";
				CLANG_ENABLE_OBJC_ARC = YES;
				CLANG_WARN_CONSTANT_CONVERSION = YES;
				CLANG_WARN_EMPTY_BODY = YES;
				CLANG_WARN_ENUM_CONVERSION = YES;
				CLANG_WARN_INT_CONVERSION = YES;
				CLANG_WARN__DUPLICATE_METHOD_MATCH = YES;
				"CODE_SIGN_IDENTITY[sdk=iphoneos*]" = "iPhone Developer";
				COPY_PHASE_STRIP = YES;
				GCC_C_LANGUAGE_STANDARD = gnu99;
				GCC_WARN_ABOUT_RETURN_TYPE = YES;
				GCC_WARN_UNINITIALIZED_AUTOS = YES;
				GCC_WARN_UNUSED_VARIABLE = YES;
				IPHONEOS_DEPLOYMENT_TARGET = 6.1;
				ONLY_ACTIVE_ARCH = YES;
				OTHER_CFLAGS = "-DNS_BLOCK_ASSERTIONS=1";
				SDKROOT = iphoneos;
				VALIDATE_PRODUCT = YES;
			};
			name = Release;
		};
		1DA344D61816983C0065AB87 /* Debug */ = {
			isa = XCBuildConfiguration;
			buildSettings = {
				ALWAYS_SEARCH_USER_PATHS = YES;
				CODE_SIGN_IDENTITY = "iPhone Developer";
				"CODE_SIGN_IDENTITY[sdk=iphoneos*]" = "iPhone Developer";
				FRAMEWORK_SEARCH_PATHS = "";
				GCC_PRECOMPILE_PREFIX_HEADER = YES;
				GCC_PREFIX_HEADER = "CarGps/CarGps-Prefix.pch";
				INFOPLIST_FILE = "CarGps/CarGps-Info.plist";
				IPHONEOS_DEPLOYMENT_TARGET = 7.0;
				PRODUCT_NAME = proxiConn;
				PROVISIONING_PROFILE = "";
				WRAPPER_EXTENSION = app;
			};
			name = Debug;
		};
		1DA344D71816983C0065AB87 /* Release */ = {
			isa = XCBuildConfiguration;
			buildSettings = {
				ALWAYS_SEARCH_USER_PATHS = YES;
				CODE_SIGN_IDENTITY = "iPhone Developer";
				"CODE_SIGN_IDENTITY[sdk=iphoneos*]" = "iPhone Developer";
				FRAMEWORK_SEARCH_PATHS = "";
				GCC_PRECOMPILE_PREFIX_HEADER = YES;
				GCC_PREFIX_HEADER = "CarGps/CarGps-Prefix.pch";
				INFOPLIST_FILE = "CarGps/CarGps-Info.plist";
				IPHONEOS_DEPLOYMENT_TARGET = 7.0;
				ONLY_ACTIVE_ARCH = YES;
				PRODUCT_NAME = proxiConn;
				PROVISIONING_PROFILE = "";
				WRAPPER_EXTENSION = app;
			};
			name = Release;
		};
		1DA344D91816983C0065AB87 /* Debug */ = {
			isa = XCBuildConfiguration;
			buildSettings = {
				ALWAYS_SEARCH_USER_PATHS = YES;
				BUNDLE_LOADER = "$(BUILT_PRODUCTS_DIR)/CarGps.app/CarGps";
				FRAMEWORK_SEARCH_PATHS = (
					"\"$(SDKROOT)/Developer/Library/Frameworks\"",
					"\"$(DEVELOPER_LIBRARY_DIR)/Frameworks\"",
				);
				GCC_PRECOMPILE_PREFIX_HEADER = YES;
				GCC_PREFIX_HEADER = "CarGps/CarGps-Prefix.pch";
				INFOPLIST_FILE = "CarGpsTests/CarGpsTests-Info.plist";
				PRODUCT_NAME = CarGpsTests;
				TEST_HOST = "$(BUNDLE_LOADER)";
				WRAPPER_EXTENSION = octest;
			};
			name = Debug;
		};
		1DA344DA1816983C0065AB87 /* Release */ = {
			isa = XCBuildConfiguration;
			buildSettings = {
				ALWAYS_SEARCH_USER_PATHS = YES;
				BUNDLE_LOADER = "$(BUILT_PRODUCTS_DIR)/CarGps.app/CarGps";
				FRAMEWORK_SEARCH_PATHS = (
					"\"$(SDKROOT)/Developer/Library/Frameworks\"",
					"\"$(DEVELOPER_LIBRARY_DIR)/Frameworks\"",
				);
				GCC_PRECOMPILE_PREFIX_HEADER = YES;
				GCC_PREFIX_HEADER = "CarGps/CarGps-Prefix.pch";
				INFOPLIST_FILE = "CarGpsTests/CarGpsTests-Info.plist";
				PRODUCT_NAME = CarGpsTests;
				TEST_HOST = "$(BUNDLE_LOADER)";
				WRAPPER_EXTENSION = octest;
			};
			name = Release;
		};
/* End XCBuildConfiguration section */

/* Begin XCConfigurationList section */
		1DA3448D1816983B0065AB87 /* Build configuration list for PBXProject "proxiConn" */ = {
			isa = XCConfigurationList;
			buildConfigurations = (
				1DA344D31816983C0065AB87 /* Debug */,
				1DA344D41816983C0065AB87 /* Release */,
			);
			defaultConfigurationIsVisible = 0;
			defaultConfigurationName = Release;
		};
		1DA344D51816983C0065AB87 /* Build configuration list for PBXNativeTarget "proxiConn" */ = {
			isa = XCConfigurationList;
			buildConfigurations = (
				1DA344D61816983C0065AB87 /* Debug */,
				1DA344D71816983C0065AB87 /* Release */,
			);
			defaultConfigurationIsVisible = 0;
			defaultConfigurationName = Release;
		};
		1DA344D81816983C0065AB87 /* Build configuration list for PBXNativeTarget "proxiConnTests" */ = {
			isa = XCConfigurationList;
			buildConfigurations = (
				1DA344D91816983C0065AB87 /* Debug */,
				1DA344DA1816983C0065AB87 /* Release */,
			);
			defaultConfigurationIsVisible = 0;
			defaultConfigurationName = Release;
		};
/* End XCConfigurationList section */
	};
	rootObject = 1DA3448A1816983B0065AB87 /* Project object */;
}
